
Microsoft Visual Studio Solution File, Format Version 11.00
# Visual Studio 2010
Project("{FAE04EC0-301F-11D3-BF4B-00C04F79EFBC}") = "Assembly-CSharp", "Assembly-CSharp.csproj", "{02024A04-33D2-3FD1-140A-4BF4AF8D2548}"
EndProject
Project("{FAE04EC0-301F-11D3-BF4B-00C04F79EFBC}") = "Assembly-CSharp-firstpass", "Assembly-CSharp-firstpass.csproj", "{4A69E7C1-0500-1F5A-C97F-B6E58956DAE7}"
EndProject
Project("{FAE04EC0-301F-11D3-BF4B-00C04F79EFBC}") = "Assembly-CSharp-Editor", "Assembly-CSharp-Editor.csproj", "{7BD9C6EA-1515-8160-FD34-54D407BD7A6E}"
EndProject
Global
	GlobalSection(SolutionConfigurationPlatforms) = preSolution
		Debug|Any CPU = Debug|Any CPU
		Release|Any CPU = Release|Any CPU
	EndGlobalSection
	GlobalSection(ProjectConfigurationPlatforms) = postSolution
		{02024A04-33D2-3FD1-140A-4BF4AF8D2548}.Debug|Any CPU.ActiveCfg = Debug|Any CPU
		{02024A04-33D2-3FD1-140A-4BF4AF8D2548}.Debug|Any CPU.Build.0 = Debug|Any CPU
		{02024A04-33D2-3FD1-140A-4BF4AF8D2548}.Release|Any CPU.ActiveCfg = Release|Any CPU
		{02024A04-33D2-3FD1-140A-4BF4AF8D2548}.Release|Any CPU.Build.0 = Release|Any CPU
		{4A69E7C1-0500-1F5A-C97F-B6E58956DAE7}.Debug|Any CPU.ActiveCfg = Debug|Any CPU
		{4A69E7C1-0500-1F5A-C97F-B6E58956DAE7}.Debug|Any CPU.Build.0 = Debug|Any CPU
		{4A69E7C1-0500-1F5A-C97F-B6E58956DAE7}.Release|Any CPU.ActiveCfg = Release|Any CPU
		{4A69E7C1-0500-1F5A-C97F-B6E58956DAE7}.Release|Any CPU.Build.0 = Release|Any CPU
		{7BD9C6EA-1515-8160-FD34-54D407BD7A6E}.Debug|Any CPU.ActiveCfg = Debug|Any CPU
		{7BD9C6EA-1515-8160-FD34-54D407BD7A6E}.Debug|Any CPU.Build.0 = Debug|Any CPU
		{7BD9C6EA-1515-8160-FD34-54D407BD7A6E}.Release|Any CPU.ActiveCfg = Release|Any CPU
		{7BD9C6EA-1515-8160-FD34-54D407BD7A6E}.Release|Any CPU.Build.0 = Release|Any CPU
	EndGlobalSection
	GlobalSection(SolutionProperties) = preSolution
		HideSolutionNode = FALSE
	EndGlobalSection
	GlobalSection(MonoDevelopProperties) = preSolution
		StartupItem = Assembly-CSharp.csproj
	EndGlobalSection
EndGlobal
